PODS:
  - DVVAST (0.0.1):
    - KissXML (~> 5.1)
  - KissXML (5.1.2):
    - KissXML/Core (= 5.1.2)
  - KissXML/Core (5.1.2)

DEPENDENCIES:
  - DVVAST (from `DVVAST`)

EXTERNAL SOURCES:
  DVVAST:
    :path: DVVAST

SPEC CHECKSUMS:
  DVVAST: 0716dcd395280198759dbc8806db1277129e7208
  KissXML: 246c842586bb77110e04fb88e19376d96245c856

PODFILE CHECKSUM: cd738547a3ef9ccf8543e897517667e17b4ba46d

COCOAPODS: 1.1.1
